
Microsoft Visual Studio Solution File, Format Version 12.00
# Visual Studio Version 16
VisualStudioVersion = 16.0.30907.101
MinimumVisualStudioVersion = 10.0.40219.1
Project("{9A19103F-16F7-4668-BE54-9A1E7A4F7556}") = "DllBitDiscriminator", "DllBitDiscriminator\DllBitDiscriminator.csproj", "{984CDEF8-087A-4932-AA42-25BCA2BA1B6F}"
EndProject
Global
	GlobalSection(SolutionConfigurationPlatforms) = preSolution
		Debug|Any CPU = Debug|Any CPU
		Debug|x64 = Debug|x64
		Debug|x86 = Debug|x86
		Release|Any CPU = Release|Any CPU
		Release|x64 = Release|x64
		Release|x86 = Release|x86
	EndGlobalSection
	GlobalSection(ProjectConfigurationPlatforms) = postSolution
		{984CDEF8-087A-4932-AA42-25BCA2BA1B6F}.Debug|Any CPU.ActiveCfg = Debug|Any CPU
		{984CDEF8-087A-4932-AA42-25BCA2BA1B6F}.Debug|Any CPU.Build.0 = Debug|Any CPU
		{984CDEF8-087A-4932-AA42-25BCA2BA1B6F}.Debug|x64.ActiveCfg = Debug|Any CPU
		{984CDEF8-087A-4932-AA42-25BCA2BA1B6F}.Debug|x64.Build.0 = Debug|Any CPU
		{984CDEF8-087A-4932-AA42-25BCA2BA1B6F}.Debug|x86.ActiveCfg = Debug|Any CPU
		{984CDEF8-087A-4932-AA42-25BCA2BA1B6F}.Debug|x86.Build.0 = Debug|Any CPU
		{984CDEF8-087A-4932-AA42-25BCA2BA1B6F}.Release|Any CPU.ActiveCfg = Release|Any CPU
		{984CDEF8-087A-4932-AA42-25BCA2BA1B6F}.Release|Any CPU.Build.0 = Release|Any CPU
		{984CDEF8-087A-4932-AA42-25BCA2BA1B6F}.Release|x64.ActiveCfg = Release|Any CPU
		{984CDEF8-087A-4932-AA42-25BCA2BA1B6F}.Release|x64.Build.0 = Release|Any CPU
		{984CDEF8-087A-4932-AA42-25BCA2BA1B6F}.Release|x86.ActiveCfg = Release|Any CPU
		{984CDEF8-087A-4932-AA42-25BCA2BA1B6F}.Release|x86.Build.0 = Release|Any CPU
	EndGlobalSection
	GlobalSection(SolutionProperties) = preSolution
		HideSolutionNode = FALSE
	EndGlobalSection
	GlobalSection(ExtensibilityGlobals) = postSolution
		SolutionGuid = {AE9012C2-A1B5-4E95-8A02-6F45E5CB09CD}
	EndGlobalSection
EndGlobal
